{
  "originHash" : "590c88f1e7b3ccb35282279d5565d30f12f1bcf28a0fe83e2e06557053fe3da7",
  "pins" : [
    {
      "identity" : "capacitor-swift-pm",
      "kind" : "remoteSourceControl",
      "location" : "https://github.com/ionic-team/capacitor-swift-pm.git",
      "state" : {
        "revision" : "9b9fb0af76b2b653f6e9b999f658adc132b9ab4c",
        "version" : "8.4.2"
      }
    },
    {
      "identity" : "ion-ios-camera",
      "kind" : "remoteSourceControl",
      "location" : "https://github.com/ionic-team/ion-ios-camera.git",
      "state" : {
        "revision" : "2cd4f06b0ece21b6458e23357280c51f94bfceb8",
        "version" : "1.0.4"
      }
    }
  ],
  "version" : 3
}
